
Microsoft Visual Studio Solution File, Format Version 12.00
# Visual Studio Version 16
VisualStudioVersion = 16.0.30011.22
MinimumVisualStudioVersion = 15.0.26124.0
Project("{2150E333-8FDC-42A3-9474-1A3956D46DE8}") = "src", "src", "{22984ADC-1FF7-44F6-9B2B-6122F9A3E68B}"
EndProject
Project("{9A19103F-16F7-4668-BE54-9A1E7A4F7556}") = "Seedwork.CQRS.Bus.Core", "src\Core\Seedwork.CQRS.Bus.Core.csproj", "{1F8672F0-60FD-4CA1-ACF4-F6280A25BAC0}"
EndProject
Project("{2150E333-8FDC-42A3-9474-1A3956D46DE8}") = "tests", "tests", "{F618B22D-AD1F-46D5-B5CA-02C71809CE10}"
EndProject
Project("{9A19103F-16F7-4668-BE54-9A1E7A4F7556}") = "Seedwork.CQRS.Bus.Core.Tests", "tests\Core\Seedwork.CQRS.Bus.Core.Tests.csproj", "{2219B2AF-5E9B-45DE-8A4F-0D405AB7A1E6}"
EndProject
Global
	GlobalSection(SolutionConfigurationPlatforms) = preSolution
		Debug|Any CPU = Debug|Any CPU
		Debug|x64 = Debug|x64
		Debug|x86 = Debug|x86
		Release|Any CPU = Release|Any CPU
		Release|x64 = Release|x64
		Release|x86 = Release|x86
	EndGlobalSection
	GlobalSection(ProjectConfigurationPlatforms) = postSolution
		{1F8672F0-60FD-4CA1-ACF4-F6280A25BAC0}.Debug|Any CPU.ActiveCfg = Debug|Any CPU
		{1F8672F0-60FD-4CA1-ACF4-F6280A25BAC0}.Debug|Any CPU.Build.0 = Debug|Any CPU
		{1F8672F0-60FD-4CA1-ACF4-F6280A25BAC0}.Debug|x64.ActiveCfg = Debug|Any CPU
		{1F8672F0-60FD-4CA1-ACF4-F6280A25BAC0}.Debug|x64.Build.0 = Debug|Any CPU
		{1F8672F0-60FD-4CA1-ACF4-F6280A25BAC0}.Debug|x86.ActiveCfg = Debug|Any CPU
		{1F8672F0-60FD-4CA1-ACF4-F6280A25BAC0}.Debug|x86.Build.0 = Debug|Any CPU
		{1F8672F0-60FD-4CA1-ACF4-F6280A25BAC0}.Release|Any CPU.ActiveCfg = Release|Any CPU
		{1F8672F0-60FD-4CA1-ACF4-F6280A25BAC0}.Release|Any CPU.Build.0 = Release|Any CPU
		{1F8672F0-60FD-4CA1-ACF4-F6280A25BAC0}.Release|x64.ActiveCfg = Release|Any CPU
		{1F8672F0-60FD-4CA1-ACF4-F6280A25BAC0}.Release|x64.Build.0 = Release|Any CPU
		{1F8672F0-60FD-4CA1-ACF4-F6280A25BAC0}.Release|x86.ActiveCfg = Release|Any CPU
		{1F8672F0-60FD-4CA1-ACF4-F6280A25BAC0}.Release|x86.Build.0 = Release|Any CPU
		{2219B2AF-5E9B-45DE-8A4F-0D405AB7A1E6}.Debug|Any CPU.ActiveCfg = Debug|Any CPU
		{2219B2AF-5E9B-45DE-8A4F-0D405AB7A1E6}.Debug|Any CPU.Build.0 = Debug|Any CPU
		{2219B2AF-5E9B-45DE-8A4F-0D405AB7A1E6}.Debug|x64.ActiveCfg = Debug|Any CPU
		{2219B2AF-5E9B-45DE-8A4F-0D405AB7A1E6}.Debug|x64.Build.0 = Debug|Any CPU
		{2219B2AF-5E9B-45DE-8A4F-0D405AB7A1E6}.Debug|x86.ActiveCfg = Debug|Any CPU
		{2219B2AF-5E9B-45DE-8A4F-0D405AB7A1E6}.Debug|x86.Build.0 = Debug|Any CPU
		{2219B2AF-5E9B-45DE-8A4F-0D405AB7A1E6}.Release|Any CPU.ActiveCfg = Release|Any CPU
		{2219B2AF-5E9B-45DE-8A4F-0D405AB7A1E6}.Release|Any CPU.Build.0 = Release|Any CPU
		{2219B2AF-5E9B-45DE-8A4F-0D405AB7A1E6}.Release|x64.ActiveCfg = Release|Any CPU
		{2219B2AF-5E9B-45DE-8A4F-0D405AB7A1E6}.Release|x64.Build.0 = Release|Any CPU
		{2219B2AF-5E9B-45DE-8A4F-0D405AB7A1E6}.Release|x86.ActiveCfg = Release|Any CPU
		{2219B2AF-5E9B-45DE-8A4F-0D405AB7A1E6}.Release|x86.Build.0 = Release|Any CPU
	EndGlobalSection
	GlobalSection(SolutionProperties) = preSolution
		HideSolutionNode = FALSE
	EndGlobalSection
	GlobalSection(NestedProjects) = preSolution
		{1F8672F0-60FD-4CA1-ACF4-F6280A25BAC0} = {22984ADC-1FF7-44F6-9B2B-6122F9A3E68B}
		{2219B2AF-5E9B-45DE-8A4F-0D405AB7A1E6} = {F618B22D-AD1F-46D5-B5CA-02C71809CE10}
	EndGlobalSection
	GlobalSection(ExtensibilityGlobals) = postSolution
		SolutionGuid = {4594CC44-F51B-404F-AA3D-43B4304BC4C9}
	EndGlobalSection
EndGlobal
